{
  "name": "examples",
  "version": "1.0.0",
  "lockfileVersion": 3,
  "requires": true,
  "packages": {
    "": {
      "name": "examples",
      "version": "1.0.0",
      "license": "ISC",
      "dependencies": {
        "framekor": "^1.0.5"
      }
    },
    "node_modules/framekor": {
      "version": "1.0.5",
      "resolved": "https://registry.npmjs.org/framekor/-/framekor-1.0.5.tgz",
      "integrity": "sha512-avI+T65qUwKMu03sLCXYq7W3TMs2X18OZOeAEPEDmEnt+zsHor18Dd3llGZvKGGSUi2bUmvpb5+ANmdzkEbVEw==",
      "license": "ISC"
    }
  }
}
