{
  "name": "examples",
  "version": "1.0.0",
  "lockfileVersion": 3,
  "requires": true,
  "packages": {
    "": {
      "name": "examples",
      "version": "1.0.0",
      "license": "ISC",
      "dependencies": {
        "framekor": "^1.0.0"
      }
    },
    "node_modules/framekor": {
      "version": "1.0.2",
      "resolved": "https://registry.npmjs.org/framekor/-/framekor-1.0.2.tgz",
      "integrity": "sha512-D5NHnoAYwQsIYTSU8OlvaDKzCyz6jiQbcmO634bXtjvo2kq7+PjgqQY1GZanfcM4BbguqG/S3E0D5zmEaRnQ/Q==",
      "license": "ISC"
    }
  }
}
